{
  "pins" : [
    {
      "identity" : "calendarcontrol",
      "kind" : "remoteSourceControl",
      "location" : "https://github.com/dquimbo/CalendarControl",
      "state" : {
        "revision" : "48f201d3991bfbec7506d6fcd5c2e1e128060ccb",
        "version" : "4.7.0"
      }
    },
    {
      "identity" : "ios-nrf-connect-device-manager",
      "kind" : "remoteSourceControl",
      "location" : "https://github.com/NordicSemiconductor/IOS-nRF-Connect-Device-Manager",
      "state" : {
        "revision" : "d1f96aa5de6fd9cbb7f74495411f1d297bc024f2",
        "version" : "1.3.2"
      }
    },
    {
      "identity" : "realm-core",
      "kind" : "remoteSourceControl",
      "location" : "https://github.com/realm/realm-core.git",
      "state" : {
        "revision" : "f1434caadda443b4ed2261b91ea4f43ab1ee2aa5",
        "version" : "13.15.1"
      }
    },
    {
      "identity" : "realm-swift",
      "kind" : "remoteSourceControl",
      "location" : "https://github.com/realm/realm-swift",
      "state" : {
        "revision" : "b287dc102036ff425bd8a88483f0a5596871f05e",
        "version" : "10.41.0"
      }
    },
    {
      "identity" : "rxswift",
      "kind" : "remoteSourceControl",
      "location" : "https://github.com/ReactiveX/RxSwift",
      "state" : {
        "revision" : "9dcaa4b333db437b0fbfaf453fad29069044a8b4",
        "version" : "6.6.0"
      }
    },
    {
      "identity" : "swiftcbor",
      "kind" : "remoteSourceControl",
      "location" : "https://github.com/unrelentingtech/SwiftCBOR.git",
      "state" : {
        "revision" : "895c9aa84ce3b04106905e398ac870e0cca59d26",
        "version" : "0.4.4"
      }
    }
  ],
  "version" : 2
}
